
Microsoft Visual Studio Solution File, Format Version 12.00
# Visual Studio Version 17
VisualStudioVersion = 17.0.31903.59
MinimumVisualStudioVersion = 10.0.40219.1
Project("{2150E333-8FDC-42A3-9474-1A3956D46DE8}") = "src", "src", "{827E0CD3-B72D-47B6-A68D-7590B98EB39B}"
EndProject
Project("{FAE04EC0-301F-11D3-BF4B-00C04F79EFBC}") = "Carlens.Domain", "src\Carlens.Domain\Carlens.Domain.csproj", "{455072AA-9752-4EAF-A16A-E5A5CD6EA451}"
EndProject
Project("{FAE04EC0-301F-11D3-BF4B-00C04F79EFBC}") = "Carlens.Application", "src\Carlens.Application\Carlens.Application.csproj", "{3E95F490-F854-4540-A313-E8E23F363FD6}"
EndProject
Project("{FAE04EC0-301F-11D3-BF4B-00C04F79EFBC}") = "Carlens.Infrastructure", "src\Carlens.Infrastructure\Carlens.Infrastructure.csproj", "{8B079953-3462-4E4F-8E3B-E82EE4B39299}"
EndProject
Project("{FAE04EC0-301F-11D3-BF4B-00C04F79EFBC}") = "Carlens.Contracts", "src\Carlens.Contracts\Carlens.Contracts.csproj", "{AFA23DB8-E278-49F7-9079-313E5BF26477}"
EndProject
Project("{FAE04EC0-301F-11D3-BF4B-00C04F79EFBC}") = "Carlens.Api", "src\Carlens.Api\Carlens.Api.csproj", "{008B856F-8B01-46C1-AA94-BF06FB2F36A3}"
EndProject
Project("{FAE04EC0-301F-11D3-BF4B-00C04F79EFBC}") = "Carlens.AiWorker", "src\Carlens.AiWorker\Carlens.AiWorker.csproj", "{625E3FA5-93A1-4045-A116-2E74BD2FA567}"
EndProject
Project("{FAE04EC0-301F-11D3-BF4B-00C04F79EFBC}") = "Carlens.Web", "src\Carlens.Web\Carlens.Web.csproj", "{C58F25EE-7EE6-4F58-8587-376182478791}"
EndProject
Project("{2150E333-8FDC-42A3-9474-1A3956D46DE8}") = "test", "test", "{0C88DD14-F956-CE84-757C-A364CCF449FC}"
EndProject
Project("{FAE04EC0-301F-11D3-BF4B-00C04F79EFBC}") = "Carlens.Tests", "test\Carlens.Tests\Carlens.Tests.csproj", "{469E15B1-656C-49DB-B4B6-7F47C8FE1C70}"
EndProject
Project("{FAE04EC0-301F-11D3-BF4B-00C04F79EFBC}") = "Carlens.ArchitectureTests", "test\Carlens.ArchitectureTests\Carlens.ArchitectureTests.csproj", "{41B678C8-0091-4216-BFB1-CD139178D1E2}"
EndProject
Project("{FAE04EC0-301F-11D3-BF4B-00C04F79EFBC}") = "Carlens.IntegrationTests", "test\Carlens.IntegrationTests\Carlens.IntegrationTests.csproj", "{5CCDF15A-9944-4652-BD54-134E57F5FE17}"
EndProject
Global
	GlobalSection(SolutionConfigurationPlatforms) = preSolution
		Debug|Any CPU = Debug|Any CPU
		Debug|x64 = Debug|x64
		Debug|x86 = Debug|x86
		Release|Any CPU = Release|Any CPU
		Release|x64 = Release|x64
		Release|x86 = Release|x86
	EndGlobalSection
	GlobalSection(ProjectConfigurationPlatforms) = postSolution
		{455072AA-9752-4EAF-A16A-E5A5CD6EA451}.Debug|Any CPU.ActiveCfg = Debug|Any CPU
		{455072AA-9752-4EAF-A16A-E5A5CD6EA451}.Debug|Any CPU.Build.0 = Debug|Any CPU
		{455072AA-9752-4EAF-A16A-E5A5CD6EA451}.Debug|x64.ActiveCfg = Debug|Any CPU
		{455072AA-9752-4EAF-A16A-E5A5CD6EA451}.Debug|x64.Build.0 = Debug|Any CPU
		{455072AA-9752-4EAF-A16A-E5A5CD6EA451}.Debug|x86.ActiveCfg = Debug|Any CPU
		{455072AA-9752-4EAF-A16A-E5A5CD6EA451}.Debug|x86.Build.0 = Debug|Any CPU
		{455072AA-9752-4EAF-A16A-E5A5CD6EA451}.Release|Any CPU.ActiveCfg = Release|Any CPU
		{455072AA-9752-4EAF-A16A-E5A5CD6EA451}.Release|Any CPU.Build.0 = Release|Any CPU
		{455072AA-9752-4EAF-A16A-E5A5CD6EA451}.Release|x64.ActiveCfg = Release|Any CPU
		{455072AA-9752-4EAF-A16A-E5A5CD6EA451}.Release|x64.Build.0 = Release|Any CPU
		{455072AA-9752-4EAF-A16A-E5A5CD6EA451}.Release|x86.ActiveCfg = Release|Any CPU
		{455072AA-9752-4EAF-A16A-E5A5CD6EA451}.Release|x86.Build.0 = Release|Any CPU
		{3E95F490-F854-4540-A313-E8E23F363FD6}.Debug|Any CPU.ActiveCfg = Debug|Any CPU
		{3E95F490-F854-4540-A313-E8E23F363FD6}.Debug|Any CPU.Build.0 = Debug|Any CPU
		{3E95F490-F854-4540-A313-E8E23F363FD6}.Debug|x64.ActiveCfg = Debug|Any CPU
		{3E95F490-F854-4540-A313-E8E23F363FD6}.Debug|x64.Build.0 = Debug|Any CPU
		{3E95F490-F854-4540-A313-E8E23F363FD6}.Debug|x86.ActiveCfg = Debug|Any CPU
		{3E95F490-F854-4540-A313-E8E23F363FD6}.Debug|x86.Build.0 = Debug|Any CPU
		{3E95F490-F854-4540-A313-E8E23F363FD6}.Release|Any CPU.ActiveCfg = Release|Any CPU
		{3E95F490-F854-4540-A313-E8E23F363FD6}.Release|Any CPU.Build.0 = Release|Any CPU
		{3E95F490-F854-4540-A313-E8E23F363FD6}.Release|x64.ActiveCfg = Release|Any CPU
		{3E95F490-F854-4540-A313-E8E23F363FD6}.Release|x64.Build.0 = Release|Any CPU
		{3E95F490-F854-4540-A313-E8E23F363FD6}.Release|x86.ActiveCfg = Release|Any CPU
		{3E95F490-F854-4540-A313-E8E23F363FD6}.Release|x86.Build.0 = Release|Any CPU
		{8B079953-3462-4E4F-8E3B-E82EE4B39299}.Debug|Any CPU.ActiveCfg = Debug|Any CPU
		{8B079953-3462-4E4F-8E3B-E82EE4B39299}.Debug|Any CPU.Build.0 = Debug|Any CPU
		{8B079953-3462-4E4F-8E3B-E82EE4B39299}.Debug|x64.ActiveCfg = Debug|Any CPU
		{8B079953-3462-4E4F-8E3B-E82EE4B39299}.Debug|x64.Build.0 = Debug|Any CPU
		{8B079953-3462-4E4F-8E3B-E82EE4B39299}.Debug|x86.ActiveCfg = Debug|Any CPU
		{8B079953-3462-4E4F-8E3B-E82EE4B39299}.Debug|x86.Build.0 = Debug|Any CPU
		{8B079953-3462-4E4F-8E3B-E82EE4B39299}.Release|Any CPU.ActiveCfg = Release|Any CPU
		{8B079953-3462-4E4F-8E3B-E82EE4B39299}.Release|Any CPU.Build.0 = Release|Any CPU
		{8B079953-3462-4E4F-8E3B-E82EE4B39299}.Release|x64.ActiveCfg = Release|Any CPU
		{8B079953-3462-4E4F-8E3B-E82EE4B39299}.Release|x64.Build.0 = Release|Any CPU
		{8B079953-3462-4E4F-8E3B-E82EE4B39299}.Release|x86.ActiveCfg = Release|Any CPU
		{8B079953-3462-4E4F-8E3B-E82EE4B39299}.Release|x86.Build.0 = Release|Any CPU
		{AFA23DB8-E278-49F7-9079-313E5BF26477}.Debug|Any CPU.ActiveCfg = Debug|Any CPU
		{AFA23DB8-E278-49F7-9079-313E5BF26477}.Debug|Any CPU.Build.0 = Debug|Any CPU
		{AFA23DB8-E278-49F7-9079-313E5BF26477}.Debug|x64.ActiveCfg = Debug|Any CPU
		{AFA23DB8-E278-49F7-9079-313E5BF26477}.Debug|x64.Build.0 = Debug|Any CPU
		{AFA23DB8-E278-49F7-9079-313E5BF26477}.Debug|x86.ActiveCfg = Debug|Any CPU
		{AFA23DB8-E278-49F7-9079-313E5BF26477}.Debug|x86.Build.0 = Debug|Any CPU
		{AFA23DB8-E278-49F7-9079-313E5BF26477}.Release|Any CPU.ActiveCfg = Release|Any CPU
		{AFA23DB8-E278-49F7-9079-313E5BF26477}.Release|Any CPU.Build.0 = Release|Any CPU
		{AFA23DB8-E278-49F7-9079-313E5BF26477}.Release|x64.ActiveCfg = Release|Any CPU
		{AFA23DB8-E278-49F7-9079-313E5BF26477}.Release|x64.Build.0 = Release|Any CPU
		{AFA23DB8-E278-49F7-9079-313E5BF26477}.Release|x86.ActiveCfg = Release|Any CPU
		{AFA23DB8-E278-49F7-9079-313E5BF26477}.Release|x86.Build.0 = Release|Any CPU
		{008B856F-8B01-46C1-AA94-BF06FB2F36A3}.Debug|Any CPU.ActiveCfg = Debug|Any CPU
		{008B856F-8B01-46C1-AA94-BF06FB2F36A3}.Debug|Any CPU.Build.0 = Debug|Any CPU
		{008B856F-8B01-46C1-AA94-BF06FB2F36A3}.Debug|x64.ActiveCfg = Debug|Any CPU
		{008B856F-8B01-46C1-AA94-BF06FB2F36A3}.Debug|x64.Build.0 = Debug|Any CPU
		{008B856F-8B01-46C1-AA94-BF06FB2F36A3}.Debug|x86.ActiveCfg = Debug|Any CPU
		{008B856F-8B01-46C1-AA94-BF06FB2F36A3}.Debug|x86.Build.0 = Debug|Any CPU
		{008B856F-8B01-46C1-AA94-BF06FB2F36A3}.Release|Any CPU.ActiveCfg = Release|Any CPU
		{008B856F-8B01-46C1-AA94-BF06FB2F36A3}.Release|Any CPU.Build.0 = Release|Any CPU
		{008B856F-8B01-46C1-AA94-BF06FB2F36A3}.Release|x64.ActiveCfg = Release|Any CPU
		{008B856F-8B01-46C1-AA94-BF06FB2F36A3}.Release|x64.Build.0 = Release|Any CPU
		{008B856F-8B01-46C1-AA94-BF06FB2F36A3}.Release|x86.ActiveCfg = Release|Any CPU
		{008B856F-8B01-46C1-AA94-BF06FB2F36A3}.Release|x86.Build.0 = Release|Any CPU
		{625E3FA5-93A1-4045-A116-2E74BD2FA567}.Debug|Any CPU.ActiveCfg = Debug|Any CPU
		{625E3FA5-93A1-4045-A116-2E74BD2FA567}.Debug|Any CPU.Build.0 = Debug|Any CPU
		{625E3FA5-93A1-4045-A116-2E74BD2FA567}.Debug|x64.ActiveCfg = Debug|Any CPU
		{625E3FA5-93A1-4045-A116-2E74BD2FA567}.Debug|x64.Build.0 = Debug|Any CPU
		{625E3FA5-93A1-4045-A116-2E74BD2FA567}.Debug|x86.ActiveCfg = Debug|Any CPU
		{625E3FA5-93A1-4045-A116-2E74BD2FA567}.Debug|x86.Build.0 = Debug|Any CPU
		{625E3FA5-93A1-4045-A116-2E74BD2FA567}.Release|Any CPU.ActiveCfg = Release|Any CPU
		{625E3FA5-93A1-4045-A116-2E74BD2FA567}.Release|Any CPU.Build.0 = Release|Any CPU
		{625E3FA5-93A1-4045-A116-2E74BD2FA567}.Release|x64.ActiveCfg = Release|Any CPU
		{625E3FA5-93A1-4045-A116-2E74BD2FA567}.Release|x64.Build.0 = Release|Any CPU
		{625E3FA5-93A1-4045-A116-2E74BD2FA567}.Release|x86.ActiveCfg = Release|Any CPU
		{625E3FA5-93A1-4045-A116-2E74BD2FA567}.Release|x86.Build.0 = Release|Any CPU
		{C58F25EE-7EE6-4F58-8587-376182478791}.Debug|Any CPU.ActiveCfg = Debug|Any CPU
		{C58F25EE-7EE6-4F58-8587-376182478791}.Debug|Any CPU.Build.0 = Debug|Any CPU
		{C58F25EE-7EE6-4F58-8587-376182478791}.Debug|x64.ActiveCfg = Debug|Any CPU
		{C58F25EE-7EE6-4F58-8587-376182478791}.Debug|x64.Build.0 = Debug|Any CPU
		{C58F25EE-7EE6-4F58-8587-376182478791}.Debug|x86.ActiveCfg = Debug|Any CPU
		{C58F25EE-7EE6-4F58-8587-376182478791}.Debug|x86.Build.0 = Debug|Any CPU
		{C58F25EE-7EE6-4F58-8587-376182478791}.Release|Any CPU.ActiveCfg = Release|Any CPU
		{C58F25EE-7EE6-4F58-8587-376182478791}.Release|Any CPU.Build.0 = Release|Any CPU
		{C58F25EE-7EE6-4F58-8587-376182478791}.Release|x64.ActiveCfg = Release|Any CPU
		{C58F25EE-7EE6-4F58-8587-376182478791}.Release|x64.Build.0 = Release|Any CPU
		{C58F25EE-7EE6-4F58-8587-376182478791}.Release|x86.ActiveCfg = Release|Any CPU
		{C58F25EE-7EE6-4F58-8587-376182478791}.Release|x86.Build.0 = Release|Any CPU
		{469E15B1-656C-49DB-B4B6-7F47C8FE1C70}.Debug|Any CPU.ActiveCfg = Debug|Any CPU
		{469E15B1-656C-49DB-B4B6-7F47C8FE1C70}.Debug|Any CPU.Build.0 = Debug|Any CPU
		{469E15B1-656C-49DB-B4B6-7F47C8FE1C70}.Debug|x64.ActiveCfg = Debug|Any CPU
		{469E15B1-656C-49DB-B4B6-7F47C8FE1C70}.Debug|x64.Build.0 = Debug|Any CPU
		{469E15B1-656C-49DB-B4B6-7F47C8FE1C70}.Debug|x86.ActiveCfg = Debug|Any CPU
		{469E15B1-656C-49DB-B4B6-7F47C8FE1C70}.Debug|x86.Build.0 = Debug|Any CPU
		{469E15B1-656C-49DB-B4B6-7F47C8FE1C70}.Release|Any CPU.ActiveCfg = Release|Any CPU
		{469E15B1-656C-49DB-B4B6-7F47C8FE1C70}.Release|Any CPU.Build.0 = Release|Any CPU
		{469E15B1-656C-49DB-B4B6-7F47C8FE1C70}.Release|x64.ActiveCfg = Release|Any CPU
		{469E15B1-656C-49DB-B4B6-7F47C8FE1C70}.Release|x64.Build.0 = Release|Any CPU
		{469E15B1-656C-49DB-B4B6-7F47C8FE1C70}.Release|x86.ActiveCfg = Release|Any CPU
		{469E15B1-656C-49DB-B4B6-7F47C8FE1C70}.Release|x86.Build.0 = Release|Any CPU
		{41B678C8-0091-4216-BFB1-CD139178D1E2}.Debug|Any CPU.ActiveCfg = Debug|Any CPU
		{41B678C8-0091-4216-BFB1-CD139178D1E2}.Debug|Any CPU.Build.0 = Debug|Any CPU
		{41B678C8-0091-4216-BFB1-CD139178D1E2}.Debug|x64.ActiveCfg = Debug|Any CPU
		{41B678C8-0091-4216-BFB1-CD139178D1E2}.Debug|x64.Build.0 = Debug|Any CPU
		{41B678C8-0091-4216-BFB1-CD139178D1E2}.Debug|x86.ActiveCfg = Debug|Any CPU
		{41B678C8-0091-4216-BFB1-CD139178D1E2}.Debug|x86.Build.0 = Debug|Any CPU
		{41B678C8-0091-4216-BFB1-CD139178D1E2}.Release|Any CPU.ActiveCfg = Release|Any CPU
		{41B678C8-0091-4216-BFB1-CD139178D1E2}.Release|Any CPU.Build.0 = Release|Any CPU
		{41B678C8-0091-4216-BFB1-CD139178D1E2}.Release|x64.ActiveCfg = Release|Any CPU
		{41B678C8-0091-4216-BFB1-CD139178D1E2}.Release|x64.Build.0 = Release|Any CPU
		{41B678C8-0091-4216-BFB1-CD139178D1E2}.Release|x86.ActiveCfg = Release|Any CPU
		{41B678C8-0091-4216-BFB1-CD139178D1E2}.Release|x86.Build.0 = Release|Any CPU
		{5CCDF15A-9944-4652-BD54-134E57F5FE17}.Debug|Any CPU.ActiveCfg = Debug|Any CPU
		{5CCDF15A-9944-4652-BD54-134E57F5FE17}.Debug|Any CPU.Build.0 = Debug|Any CPU
		{5CCDF15A-9944-4652-BD54-134E57F5FE17}.Debug|x64.ActiveCfg = Debug|Any CPU
		{5CCDF15A-9944-4652-BD54-134E57F5FE17}.Debug|x64.Build.0 = Debug|Any CPU
		{5CCDF15A-9944-4652-BD54-134E57F5FE17}.Debug|x86.ActiveCfg = Debug|Any CPU
		{5CCDF15A-9944-4652-BD54-134E57F5FE17}.Debug|x86.Build.0 = Debug|Any CPU
		{5CCDF15A-9944-4652-BD54-134E57F5FE17}.Release|Any CPU.ActiveCfg = Release|Any CPU
		{5CCDF15A-9944-4652-BD54-134E57F5FE17}.Release|Any CPU.Build.0 = Release|Any CPU
		{5CCDF15A-9944-4652-BD54-134E57F5FE17}.Release|x64.ActiveCfg = Release|Any CPU
		{5CCDF15A-9944-4652-BD54-134E57F5FE17}.Release|x64.Build.0 = Release|Any CPU
		{5CCDF15A-9944-4652-BD54-134E57F5FE17}.Release|x86.ActiveCfg = Release|Any CPU
		{5CCDF15A-9944-4652-BD54-134E57F5FE17}.Release|x86.Build.0 = Release|Any CPU
	EndGlobalSection
	GlobalSection(SolutionProperties) = preSolution
		HideSolutionNode = FALSE
	EndGlobalSection
	GlobalSection(NestedProjects) = preSolution
		{455072AA-9752-4EAF-A16A-E5A5CD6EA451} = {827E0CD3-B72D-47B6-A68D-7590B98EB39B}
		{3E95F490-F854-4540-A313-E8E23F363FD6} = {827E0CD3-B72D-47B6-A68D-7590B98EB39B}
		{8B079953-3462-4E4F-8E3B-E82EE4B39299} = {827E0CD3-B72D-47B6-A68D-7590B98EB39B}
		{AFA23DB8-E278-49F7-9079-313E5BF26477} = {827E0CD3-B72D-47B6-A68D-7590B98EB39B}
		{008B856F-8B01-46C1-AA94-BF06FB2F36A3} = {827E0CD3-B72D-47B6-A68D-7590B98EB39B}
		{625E3FA5-93A1-4045-A116-2E74BD2FA567} = {827E0CD3-B72D-47B6-A68D-7590B98EB39B}
		{C58F25EE-7EE6-4F58-8587-376182478791} = {827E0CD3-B72D-47B6-A68D-7590B98EB39B}
		{469E15B1-656C-49DB-B4B6-7F47C8FE1C70} = {0C88DD14-F956-CE84-757C-A364CCF449FC}
		{41B678C8-0091-4216-BFB1-CD139178D1E2} = {0C88DD14-F956-CE84-757C-A364CCF449FC}
		{5CCDF15A-9944-4652-BD54-134E57F5FE17} = {0C88DD14-F956-CE84-757C-A364CCF449FC}
	EndGlobalSection
EndGlobal
